
Microsoft Visual Studio Solution File, Format Version 12.00
# Visual Studio Version 16
VisualStudioVersion = 16.0.30804.86
MinimumVisualStudioVersion = 10.0.40219.1
Project("{FAE04EC0-301F-11D3-BF4B-00C04F79EFBC}") = "BoardGame", "BoardGame\BoardGame.csproj", "{D0172F12-27CC-4450-9DA1-78F89B72DF07}"
EndProject
Project("{FAE04EC0-301F-11D3-BF4B-00C04F79EFBC}") = "BoardNUnitTest", "BoardNUnitTest\BoardNUnitTest.csproj", "{3D1D604A-51F4-49F4-9304-1049A25D80FE}"
EndProject
Global
	GlobalSection(SolutionConfigurationPlatforms) = preSolution
		Debug|Any CPU = Debug|Any CPU
		Release|Any CPU = Release|Any CPU
	EndGlobalSection
	GlobalSection(ProjectConfigurationPlatforms) = postSolution
		{D0172F12-27CC-4450-9DA1-78F89B72DF07}.Debug|Any CPU.ActiveCfg = Debug|Any CPU
		{D0172F12-27CC-4450-9DA1-78F89B72DF07}.Debug|Any CPU.Build.0 = Debug|Any CPU
		{D0172F12-27CC-4450-9DA1-78F89B72DF07}.Release|Any CPU.ActiveCfg = Release|Any CPU
		{D0172F12-27CC-4450-9DA1-78F89B72DF07}.Release|Any CPU.Build.0 = Release|Any CPU
		{3D1D604A-51F4-49F4-9304-1049A25D80FE}.Debug|Any CPU.ActiveCfg = Debug|Any CPU
		{3D1D604A-51F4-49F4-9304-1049A25D80FE}.Debug|Any CPU.Build.0 = Debug|Any CPU
		{3D1D604A-51F4-49F4-9304-1049A25D80FE}.Release|Any CPU.ActiveCfg = Release|Any CPU
		{3D1D604A-51F4-49F4-9304-1049A25D80FE}.Release|Any CPU.Build.0 = Release|Any CPU
	EndGlobalSection
	GlobalSection(SolutionProperties) = preSolution
		HideSolutionNode = FALSE
	EndGlobalSection
	GlobalSection(ExtensibilityGlobals) = postSolution
		SolutionGuid = {DC03F1BC-D937-4563-8E00-2A78AA9253E4}
	EndGlobalSection
EndGlobal
